<?xml version="1.0" encoding="utf-8"?>
<Project ToolsVersion="4.0" xmlns="http://schemas.microsoft.com/developer/msbuild/2003">
  <ItemGroup>
    <Filter Include="Source files">
      <UniqueIdentifier>{f9bd0748-28d1-4bbd-8651-fee903992c87}</UniqueIdentifier>
    </Filter>
    <Filter Include="Header files">
      <UniqueIdentifier>{2a802533-ae90-4467-9877-317bc157d616}</UniqueIdentifier>
    </Filter>
  </ItemGroup>
  <ItemGroup>
    <ClCompile Include="main.cpp">
      <Filter>Source files</Filter>
    </ClCompile>
    <ClCompile Include="TodoList.cpp">
      <Filter>Source files</Filter>
    </ClCompile>
  </ItemGroup>
  <ItemGroup>
    <ClInclude Include="TodoList.h">
      <Filter>Header files</Filter>
    </ClInclude>
    <ClInclude Include="Todo.h">
      <Filter>Header files</Filter>
    </ClInclude>
    <ClInclude Include="Utils.h">
      <Filter>Header files</Filter>
    </ClInclude>
  </ItemGroup>
</Project>